
Microsoft Visual Studio Solution File, Format Version 12.00
# Visual Studio Version 16
VisualStudioVersion = 16.0.31424.327
MinimumVisualStudioVersion = 10.0.40219.1
Project("{FAE04EC0-301F-11D3-BF4B-00C04F79EFBC}") = "raked", "raked\raked.csproj", "{B8669325-4AC9-46D5-A0C8-D16ED422F9D7}"
EndProject
Global
	GlobalSection(SolutionConfigurationPlatforms) = preSolution
		Debug|Any CPU = Debug|Any CPU
		Release|Any CPU = Release|Any CPU
	EndGlobalSection
	GlobalSection(ProjectConfigurationPlatforms) = postSolution
		{B8669325-4AC9-46D5-A0C8-D16ED422F9D7}.Debug|Any CPU.ActiveCfg = Debug|Any CPU
		{B8669325-4AC9-46D5-A0C8-D16ED422F9D7}.Debug|Any CPU.Build.0 = Debug|Any CPU
		{B8669325-4AC9-46D5-A0C8-D16ED422F9D7}.Release|Any CPU.ActiveCfg = Release|Any CPU
		{B8669325-4AC9-46D5-A0C8-D16ED422F9D7}.Release|Any CPU.Build.0 = Release|Any CPU
	EndGlobalSection
	GlobalSection(SolutionProperties) = preSolution
		HideSolutionNode = FALSE
	EndGlobalSection
	GlobalSection(ExtensibilityGlobals) = postSolution
		SolutionGuid = {11523EC1-C5EA-459C-9774-482961E40769}
	EndGlobalSection
EndGlobal
